{
  "object": {
    "pins": [
      {
        "package": "GenesysCloudMessengerTransport",
        "repositoryURL": "https://github.com/MyPureCloud/mm-genesyscloudmessengertransport-spm.git",
        "state": {
          "branch": null,
          "revision": "11ec06f9dfbc7d3c0b10ff535601b43799ed2157",
          "version": "2.12.0"
        }
      },
      {
        "package": "GenesysCloudCore",
        "repositoryURL": "https://github.com/MyPureCloud/mobile-messenger-genesyscloudcore-spm.git",
        "state": {
          "branch": null,
          "revision": "c94a5f9ef3ef881016f5ca5f68f1a6200ac92015",
          "version": "2.1.1"
        }
      },
      {
        "package": "GenesysCloudMessenger",
        "repositoryURL": "https://github.com/MyPureCloud/mobile-messenger-genesyscloudmessenger-spm.git",
        "state": {
          "branch": null,
          "revision": "10e01b10301e324683347abc5aadde46e87b18d0",
          "version": "2.1.1"
        }
      }
    ]
  },
  "version": 1
}
