{
  "object": {
    "pins": [
      {
        "package": "GenesysCloudMessengerTransport",
        "repositoryURL": "https://github.com/MyPureCloud/mm-genesyscloudmessengertransport-spm.git",
        "state": {
          "branch": null,
          "revision": "39c4dff8506b18b5bc112f31fec3707ba50e27e4",
          "version": "2.10.1"
        }
      },
      {
        "package": "GenesysCloudCore",
        "repositoryURL": "https://github.com/MyPureCloud/mobile-messenger-genesyscloudcore-spm.git",
        "state": {
          "branch": null,
          "revision": "f77a3e234ae02acc3baddfe377ea1f87aa7040b5",
          "version": "1.20.1"
        }
      },
      {
        "package": "GenesysCloudMessenger",
        "repositoryURL": "https://github.com/MyPureCloud/mobile-messenger-genesyscloudmessenger-spm.git",
        "state": {
          "branch": null,
          "revision": "9e3de9ce5bee77749438fd3fbacc7efe11fc3828",
          "version": "1.20.1"
        }
      }
    ]
  },
  "version": 1
}
