{
  "object": {
    "pins": [
      {
        "package": "GenesysCloudMessengerTransport",
        "repositoryURL": "https://github.com/MyPureCloud/mm-genesyscloudmessengertransport-spm.git",
        "state": {
          "branch": null,
          "revision": "cdfff10df16cc3aa0b1da47deed2f235e8646930",
          "version": "2.10.0"
        }
      },
      {
        "package": "GenesysCloudCore",
        "repositoryURL": "https://github.com/MyPureCloud/mobile-messenger-genesyscloudcore-spm.git",
        "state": {
          "branch": null,
          "revision": "2e940c926aefd41fc06c11198bca317616116506",
          "version": "1.19.1"
        }
      },
      {
        "package": "GenesysCloudMessenger",
        "repositoryURL": "https://github.com/MyPureCloud/mobile-messenger-genesyscloudmessenger-spm.git",
        "state": {
          "branch": null,
          "revision": "796d9a7289a072dabd8c6871cebf07dcc7150e52",
          "version": "1.19.1"
        }
      }
    ]
  },
  "version": 1
}
